<?xml version="1.0" encoding="utf-8"?>
<Project ToolsVersion="4.0" xmlns="http://schemas.microsoft.com/developer/msbuild/2003">
  <ItemGroup>
    <Filter Include="Mochi">
      <UniqueIdentifier>{F5EFAE0D-6104-D7BE-2A86-7A1E9659D3EF}</UniqueIdentifier>
    </Filter>
    <Filter Include="Mochi\Events">
      <UniqueIdentifier>{3976227A-25D9-B11E-CE5E-EAD4BAA07DA1}</UniqueIdentifier>
    </Filter>
  </ItemGroup>
  <ItemGroup>
    <ClInclude Include="src\Mochi.h" />
    <ClInclude Include="src\Mochi\Application.h">
      <Filter>Mochi</Filter>
    </ClInclude>
    <ClInclude Include="src\Mochi\Core.h">
      <Filter>Mochi</Filter>
    </ClInclude>
    <ClInclude Include="src\Mochi\EntryPoint.h">
      <Filter>Mochi</Filter>
    </ClInclude>
    <ClInclude Include="src\Mochi\Events\ApplicationEvent.h">
      <Filter>Mochi\Events</Filter>
    </ClInclude>
    <ClInclude Include="src\Mochi\Events\Event.h">
      <Filter>Mochi\Events</Filter>
    </ClInclude>
    <ClInclude Include="src\Mochi\Events\KeyEvent.h">
      <Filter>Mochi\Events</Filter>
    </ClInclude>
    <ClInclude Include="src\Mochi\Events\MouseEvent.h">
      <Filter>Mochi\Events</Filter>
    </ClInclude>
    <ClInclude Include="src\Mochi\Log.h">
      <Filter>Mochi</Filter>
    </ClInclude>
    <ClInclude Include="src\mcpch.h" />
  </ItemGroup>
  <ItemGroup>
    <ClCompile Include="src\Mochi\Application.cpp">
      <Filter>Mochi</Filter>
    </ClCompile>
    <ClCompile Include="src\Mochi\Log.cpp">
      <Filter>Mochi</Filter>
    </ClCompile>
    <ClCompile Include="src\mcpch.cpp" />
  </ItemGroup>
</Project>